
Microsoft Visual Studio Solution File, Format Version 12.00
# Visual Studio Version 16
VisualStudioVersion = 16.0.31105.61
MinimumVisualStudioVersion = 10.0.40219.1
Project("{FAE04EC0-301F-11D3-BF4B-00C04F79EFBC}") = "Practica1", "Practica1\Practica1.csproj", "{2721DCE0-1B38-450A-978A-7E9252E9F24B}"
EndProject
Global
	GlobalSection(SolutionConfigurationPlatforms) = preSolution
		Debug|Any CPU = Debug|Any CPU
		Release|Any CPU = Release|Any CPU
	EndGlobalSection
	GlobalSection(ProjectConfigurationPlatforms) = postSolution
		{2721DCE0-1B38-450A-978A-7E9252E9F24B}.Debug|Any CPU.ActiveCfg = Debug|Any CPU
		{2721DCE0-1B38-450A-978A-7E9252E9F24B}.Debug|Any CPU.Build.0 = Debug|Any CPU
		{2721DCE0-1B38-450A-978A-7E9252E9F24B}.Release|Any CPU.ActiveCfg = Release|Any CPU
		{2721DCE0-1B38-450A-978A-7E9252E9F24B}.Release|Any CPU.Build.0 = Release|Any CPU
	EndGlobalSection
	GlobalSection(SolutionProperties) = preSolution
		HideSolutionNode = FALSE
	EndGlobalSection
	GlobalSection(ExtensibilityGlobals) = postSolution
		SolutionGuid = {853E636C-3AC3-4F23-9BBB-84A88F7226DF}
	EndGlobalSection
EndGlobal
